
Microsoft Visual Studio Solution File, Format Version 12.00
# Visual Studio Version 16
VisualStudioVersion = 16.0.31424.327
MinimumVisualStudioVersion = 10.0.40219.1
Project("{FAE04EC0-301F-11D3-BF4B-00C04F79EFBC}") = "ConsoleApp3", "ConsoleApp3\ConsoleApp3.csproj", "{EC36CB61-F2F5-447F-93B0-B0E982411F4F}"
EndProject
Global
	GlobalSection(SolutionConfigurationPlatforms) = preSolution
		Debug|Any CPU = Debug|Any CPU
		Release|Any CPU = Release|Any CPU
	EndGlobalSection
	GlobalSection(ProjectConfigurationPlatforms) = postSolution
		{EC36CB61-F2F5-447F-93B0-B0E982411F4F}.Debug|Any CPU.ActiveCfg = Debug|Any CPU
		{EC36CB61-F2F5-447F-93B0-B0E982411F4F}.Debug|Any CPU.Build.0 = Debug|Any CPU
		{EC36CB61-F2F5-447F-93B0-B0E982411F4F}.Release|Any CPU.ActiveCfg = Release|Any CPU
		{EC36CB61-F2F5-447F-93B0-B0E982411F4F}.Release|Any CPU.Build.0 = Release|Any CPU
	EndGlobalSection
	GlobalSection(SolutionProperties) = preSolution
		HideSolutionNode = FALSE
	EndGlobalSection
	GlobalSection(ExtensibilityGlobals) = postSolution
		SolutionGuid = {F0D8BD37-FC72-4F90-B83E-7E439435058D}
	EndGlobalSection
EndGlobal
